
Microsoft Visual Studio Solution File, Format Version 12.00
# Visual Studio 15
VisualStudioVersion = 15.0.28307.271
MinimumVisualStudioVersion = 10.0.40219.1
Project("{8BC9CEB8-8B4A-11D0-8D11-00A0C91BC942}") = "assembly2", "assembly2\assembly2.vcxproj", "{D7BC7F54-9C94-4990-8BD6-567D502CF58A}"
EndProject
Global
	GlobalSection(SolutionConfigurationPlatforms) = preSolution
		Debug|x64 = Debug|x64
		Debug|x86 = Debug|x86
		Release|x64 = Release|x64
		Release|x86 = Release|x86
	EndGlobalSection
	GlobalSection(ProjectConfigurationPlatforms) = postSolution
		{D7BC7F54-9C94-4990-8BD6-567D502CF58A}.Debug|x64.ActiveCfg = Debug|x64
		{D7BC7F54-9C94-4990-8BD6-567D502CF58A}.Debug|x64.Build.0 = Debug|x64
		{D7BC7F54-9C94-4990-8BD6-567D502CF58A}.Debug|x86.ActiveCfg = Debug|Win32
		{D7BC7F54-9C94-4990-8BD6-567D502CF58A}.Debug|x86.Build.0 = Debug|Win32
		{D7BC7F54-9C94-4990-8BD6-567D502CF58A}.Release|x64.ActiveCfg = Release|x64
		{D7BC7F54-9C94-4990-8BD6-567D502CF58A}.Release|x64.Build.0 = Release|x64
		{D7BC7F54-9C94-4990-8BD6-567D502CF58A}.Release|x86.ActiveCfg = Release|Win32
		{D7BC7F54-9C94-4990-8BD6-567D502CF58A}.Release|x86.Build.0 = Release|Win32
	EndGlobalSection
	GlobalSection(SolutionProperties) = preSolution
		HideSolutionNode = FALSE
	EndGlobalSection
	GlobalSection(ExtensibilityGlobals) = postSolution
		SolutionGuid = {CE049FD8-E59C-4C3C-8A6F-1EE26DD29D69}
	EndGlobalSection
EndGlobal
